<Solution>
  <Folder Name="/Task0/">
    <Project Path="Tyuiu.BushuevaSR.Sprint2.Task0.V2.Lib/Tyuiu.BushuevaSR.Sprint2.Task0.V2.Lib.csproj" />
    <Project Path="Tyuiu.BushuevaSR.Sprint2.Task0.V2.Test/Tyuiu.BushuevaSR.Sprint2.Task0.V2.Test.csproj" />
    <Project Path="Tyuiu.BushuevaSR.Sprint2.Task0.V2/Tyuiu.BushuevaSR.Sprint2.Task0.V2.csproj" />
  </Folder>
  <Folder Name="/Task1/">
    <Project Path="Tyuiu.BushuevaSR.Sprint2.Task1.V2.Lib/Tyuiu.BushuevaSR.Sprint2.Task1.V30.Lib.csproj" Id="f745bb51-579a-49ee-adf8-5075eb06448e" />
    <Project Path="Tyuiu.BushuevaSR.Sprint2.Task1.V2.Test/Tyuiu.BushuevaSR.Sprint2.Task1.V30.Test.csproj" Id="b93b5a88-be11-41d7-8261-ac8f2c197a4f" />
    <Project Path="Tyuiu.BushuevaSR.Sprint2.Task1.V2/Tyuiu.BushuevaSR.Sprint2.Task1.V30.csproj" Id="8306d95a-55d1-4411-b957-8f168947f065" />
  </Folder>
</Solution>
