<Solution>
  <Folder Name="/Task0/">
    <Project Path="Tyuiu.BushuevaSR.Sprint2.Task0.V2.Lib/Tyuiu.BushuevaSR.Sprint2.Task0.V2.Lib.csproj" />
    <Project Path="Tyuiu.BushuevaSR.Sprint2.Task0.V2.Test/Tyuiu.BushuevaSR.Sprint2.Task0.V2.Test.csproj" />
    <Project Path="Tyuiu.BushuevaSR.Sprint2.Task0.V2/Tyuiu.BushuevaSR.Sprint2.Task0.V2.csproj" />
  </Folder>
  <Folder Name="/Task1/">
    <Project Path="Tyuiu.BushuevaSR.Sprint2.Task1.V30.Lib/Tyuiu.BushuevaSR.Sprint2.Task1.V30.Lib.csproj" Id="a42627a0-eff5-456e-94c3-17e251ae8049" />
    <Project Path="Tyuiu.BushuevaSR.Sprint2.Task1.V30.Test/Tyuiu.BushuevaSR.Sprint2.Task1.V30.Test.csproj" Id="45928a0e-2481-446c-b3f1-8c27b36e9057" />
    <Project Path="Tyuiu.BushuevaSR.Sprint2.Task1.V30/Tyuiu.BushuevaSR.Sprint2.Task1.V30.csproj" Id="8f7603df-a8e7-4259-86e1-e9921b11acbb" />
  </Folder>
</Solution>
