<Solution>
  <Folder Name="/Task0/">
    <Project Path="Tyuiu.BushuevaSR.Sprint2.Task0.V2.Lib/Tyuiu.BushuevaSR.Sprint2.Task0.V2.Lib.csproj" />
    <Project Path="Tyuiu.BushuevaSR.Sprint2.Task0.V2.Test/Tyuiu.BushuevaSR.Sprint2.Task0.V2.Test.csproj" />
    <Project Path="Tyuiu.BushuevaSR.Sprint2.Task0.V2/Tyuiu.BushuevaSR.Sprint2.Task0.V2.csproj" />
  </Folder>
</Solution>
